
Microsoft Visual Studio Solution File, Format Version 12.00
# Visual Studio Version 17
VisualStudioVersion = 17.4.33213.308
MinimumVisualStudioVersion = 10.0.40219.1
Project("{9A19103F-16F7-4668-BE54-9A1E7A4F7556}") = "Konyvelo", "Konyvelo\Konyvelo.csproj", "{DBDFE852-9FB8-41AC-A6D9-793E8D0B2FE3}"
EndProject
Project("{9A19103F-16F7-4668-BE54-9A1E7A4F7556}") = "CsharpGoodies", "..\CsharpGoodies\CsharpGoodies\CsharpGoodies.csproj", "{66C29DD7-AF75-4E29-B674-1C5256DD2E96}"
EndProject
Project("{9A19103F-16F7-4668-BE54-9A1E7A4F7556}") = "Konyvelo.Logic", "Konyvelo.App\Konyvelo.Logic.csproj", "{4CA91FF6-BAC2-4DCD-AF8E-D48C9BC8C0C7}"
EndProject
Global
	GlobalSection(SolutionConfigurationPlatforms) = preSolution
		Debug|Any CPU = Debug|Any CPU
		Release|Any CPU = Release|Any CPU
	EndGlobalSection
	GlobalSection(ProjectConfigurationPlatforms) = postSolution
		{DBDFE852-9FB8-41AC-A6D9-793E8D0B2FE3}.Debug|Any CPU.ActiveCfg = Debug|Any CPU
		{DBDFE852-9FB8-41AC-A6D9-793E8D0B2FE3}.Debug|Any CPU.Build.0 = Debug|Any CPU
		{DBDFE852-9FB8-41AC-A6D9-793E8D0B2FE3}.Release|Any CPU.ActiveCfg = Release|Any CPU
		{DBDFE852-9FB8-41AC-A6D9-793E8D0B2FE3}.Release|Any CPU.Build.0 = Release|Any CPU
		{66C29DD7-AF75-4E29-B674-1C5256DD2E96}.Debug|Any CPU.ActiveCfg = Debug|Any CPU
		{66C29DD7-AF75-4E29-B674-1C5256DD2E96}.Debug|Any CPU.Build.0 = Debug|Any CPU
		{66C29DD7-AF75-4E29-B674-1C5256DD2E96}.Release|Any CPU.ActiveCfg = Release|Any CPU
		{66C29DD7-AF75-4E29-B674-1C5256DD2E96}.Release|Any CPU.Build.0 = Release|Any CPU
		{4CA91FF6-BAC2-4DCD-AF8E-D48C9BC8C0C7}.Debug|Any CPU.ActiveCfg = Debug|Any CPU
		{4CA91FF6-BAC2-4DCD-AF8E-D48C9BC8C0C7}.Debug|Any CPU.Build.0 = Debug|Any CPU
		{4CA91FF6-BAC2-4DCD-AF8E-D48C9BC8C0C7}.Release|Any CPU.ActiveCfg = Release|Any CPU
		{4CA91FF6-BAC2-4DCD-AF8E-D48C9BC8C0C7}.Release|Any CPU.Build.0 = Release|Any CPU
	EndGlobalSection
	GlobalSection(SolutionProperties) = preSolution
		HideSolutionNode = FALSE
	EndGlobalSection
	GlobalSection(ExtensibilityGlobals) = postSolution
		SolutionGuid = {4748C81E-FBF3-4991-ADBD-08085609FAF3}
	EndGlobalSection
EndGlobal
