
Microsoft Visual Studio Solution File, Format Version 12.00
# Visual Studio Version 17
VisualStudioVersion = 17.4.33213.308
MinimumVisualStudioVersion = 10.0.40219.1
Project("{9A19103F-16F7-4668-BE54-9A1E7A4F7556}") = "Konyvelo", "Konyvelo\Konyvelo.csproj", "{406C4649-DF02-4967-AFC2-CC22E0BF53C2}"
EndProject
Project("{FAE04EC0-301F-11D3-BF4B-00C04F79EFBC}") = "CsharpGoodies.Common", "..\CsharpGoodies\CsharpGoodies.Common\CsharpGoodies.Common.csproj", "{2F819D78-3FF1-47F9-BD35-4D7779D3D12F}"
EndProject
Global
	GlobalSection(SolutionConfigurationPlatforms) = preSolution
		Debug|Any CPU = Debug|Any CPU
		Release|Any CPU = Release|Any CPU
	EndGlobalSection
	GlobalSection(ProjectConfigurationPlatforms) = postSolution
		{406C4649-DF02-4967-AFC2-CC22E0BF53C2}.Debug|Any CPU.ActiveCfg = Debug|Any CPU
		{406C4649-DF02-4967-AFC2-CC22E0BF53C2}.Debug|Any CPU.Build.0 = Debug|Any CPU
		{406C4649-DF02-4967-AFC2-CC22E0BF53C2}.Release|Any CPU.ActiveCfg = Release|Any CPU
		{406C4649-DF02-4967-AFC2-CC22E0BF53C2}.Release|Any CPU.Build.0 = Release|Any CPU
		{2F819D78-3FF1-47F9-BD35-4D7779D3D12F}.Debug|Any CPU.ActiveCfg = Debug|Any CPU
		{2F819D78-3FF1-47F9-BD35-4D7779D3D12F}.Debug|Any CPU.Build.0 = Debug|Any CPU
		{2F819D78-3FF1-47F9-BD35-4D7779D3D12F}.Release|Any CPU.ActiveCfg = Release|Any CPU
		{2F819D78-3FF1-47F9-BD35-4D7779D3D12F}.Release|Any CPU.Build.0 = Release|Any CPU
	EndGlobalSection
	GlobalSection(SolutionProperties) = preSolution
		HideSolutionNode = FALSE
	EndGlobalSection
	GlobalSection(ExtensibilityGlobals) = postSolution
		SolutionGuid = {4748C81E-FBF3-4991-ADBD-08085609FAF3}
	EndGlobalSection
EndGlobal
